
Microsoft Visual Studio Solution File, Format Version 12.00
# Visual Studio 15
VisualStudioVersion = 15.0.28010.2036
MinimumVisualStudioVersion = 10.0.40219.1
Project("{FAE04EC0-301F-11D3-BF4B-00C04F79EFBC}") = "Homework 1", "Homework 1\Homework 1.csproj", "{AF758BFC-6785-4E90-989B-3B5F52B92CA5}"
EndProject
Global
	GlobalSection(SolutionConfigurationPlatforms) = preSolution
		Debug|Any CPU = Debug|Any CPU
		Release|Any CPU = Release|Any CPU
	EndGlobalSection
	GlobalSection(ProjectConfigurationPlatforms) = postSolution
		{AF758BFC-6785-4E90-989B-3B5F52B92CA5}.Debug|Any CPU.ActiveCfg = Debug|Any CPU
		{AF758BFC-6785-4E90-989B-3B5F52B92CA5}.Debug|Any CPU.Build.0 = Debug|Any CPU
		{AF758BFC-6785-4E90-989B-3B5F52B92CA5}.Release|Any CPU.ActiveCfg = Release|Any CPU
		{AF758BFC-6785-4E90-989B-3B5F52B92CA5}.Release|Any CPU.Build.0 = Release|Any CPU
	EndGlobalSection
	GlobalSection(SolutionProperties) = preSolution
		HideSolutionNode = FALSE
	EndGlobalSection
	GlobalSection(ExtensibilityGlobals) = postSolution
		SolutionGuid = {1703277B-353A-4F54-B41D-72ACCE674E1C}
	EndGlobalSection
EndGlobal
