
Microsoft Visual Studio Solution File, Format Version 12.00
# Visual Studio 15
VisualStudioVersion = 15.0.28010.2026
MinimumVisualStudioVersion = 10.0.40219.1
Project("{FAE04EC0-301F-11D3-BF4B-00C04F79EFBC}") = "FinalProject", "FinalProject\FinalProject.csproj", "{E835C42F-D585-4EBA-9E3C-8DCDEE4697BC}"
EndProject
Global
	GlobalSection(SolutionConfigurationPlatforms) = preSolution
		Debug|Any CPU = Debug|Any CPU
		Release|Any CPU = Release|Any CPU
	EndGlobalSection
	GlobalSection(ProjectConfigurationPlatforms) = postSolution
		{E835C42F-D585-4EBA-9E3C-8DCDEE4697BC}.Debug|Any CPU.ActiveCfg = Debug|Any CPU
		{E835C42F-D585-4EBA-9E3C-8DCDEE4697BC}.Debug|Any CPU.Build.0 = Debug|Any CPU
		{E835C42F-D585-4EBA-9E3C-8DCDEE4697BC}.Release|Any CPU.ActiveCfg = Release|Any CPU
		{E835C42F-D585-4EBA-9E3C-8DCDEE4697BC}.Release|Any CPU.Build.0 = Release|Any CPU
	EndGlobalSection
	GlobalSection(SolutionProperties) = preSolution
		HideSolutionNode = FALSE
	EndGlobalSection
	GlobalSection(ExtensibilityGlobals) = postSolution
		SolutionGuid = {57DB446A-60E0-4565-94D0-47C2F7567624}
	EndGlobalSection
EndGlobal
